hash: c9610c4529f40afb1940f08ee4b87467c1b81a9162c5067438faeb911c9654cd
updated: 2017-06-16T12:39:45.327927595-04:00
imports:
- name: github.com/hink/go-blink1
  version: 00024678d9d548aac623267711505aa37491689e
- name: golang.org/x/net
  version: 8e573f4005aa312856df2ea97c32b9beac70dd89
  subpackages:
  - websocket
testImports: []
